
Microsoft Visual Studio Solution File, Format Version 12.00
# Visual Studio Version 16
VisualStudioVersion = 16.0.31129.286
MinimumVisualStudioVersion = 10.0.40219.1
Project("{FAE04EC0-301F-11D3-BF4B-00C04F79EFBC}") = "LocalDB", "LocalDB.csproj", "{C2EFA545-FB0A-455F-9AB5-ADF2CF6B1118}"
EndProject
Global
	GlobalSection(SolutionConfigurationPlatforms) = preSolution
		Debug|Any CPU = Debug|Any CPU
		Release|Any CPU = Release|Any CPU
	EndGlobalSection
	GlobalSection(ProjectConfigurationPlatforms) = postSolution
		{C2EFA545-FB0A-455F-9AB5-ADF2CF6B1118}.Debug|Any CPU.ActiveCfg = Debug|Any CPU
		{C2EFA545-FB0A-455F-9AB5-ADF2CF6B1118}.Debug|Any CPU.Build.0 = Debug|Any CPU
		{C2EFA545-FB0A-455F-9AB5-ADF2CF6B1118}.Release|Any CPU.ActiveCfg = Release|Any CPU
		{C2EFA545-FB0A-455F-9AB5-ADF2CF6B1118}.Release|Any CPU.Build.0 = Release|Any CPU
	EndGlobalSection
	GlobalSection(SolutionProperties) = preSolution
		HideSolutionNode = FALSE
	EndGlobalSection
	GlobalSection(ExtensibilityGlobals) = postSolution
		SolutionGuid = {0B440845-86E7-4A6D-8EE8-E298793BA38F}
	EndGlobalSection
EndGlobal
